
Microsoft Visual Studio Solution File, Format Version 12.00
# Visual Studio Version 16
VisualStudioVersion = 16.0.31911.196
MinimumVisualStudioVersion = 10.0.40219.1
Project("{FAE04EC0-301F-11D3-BF4B-00C04F79EFBC}") = "Wiggle", "Wiggle.csproj", "{228939FA-AC06-4E08-9A63-C4754468DBEB}"
EndProject
Global
	GlobalSection(SolutionConfigurationPlatforms) = preSolution
		Debug|Any CPU = Debug|Any CPU
		Release|Any CPU = Release|Any CPU
	EndGlobalSection
	GlobalSection(ProjectConfigurationPlatforms) = postSolution
		{228939FA-AC06-4E08-9A63-C4754468DBEB}.Debug|Any CPU.ActiveCfg = Debug|Any CPU
		{228939FA-AC06-4E08-9A63-C4754468DBEB}.Debug|Any CPU.Build.0 = Debug|Any CPU
		{228939FA-AC06-4E08-9A63-C4754468DBEB}.Release|Any CPU.ActiveCfg = Release|Any CPU
		{228939FA-AC06-4E08-9A63-C4754468DBEB}.Release|Any CPU.Build.0 = Release|Any CPU
	EndGlobalSection
	GlobalSection(SolutionProperties) = preSolution
		HideSolutionNode = FALSE
	EndGlobalSection
	GlobalSection(ExtensibilityGlobals) = postSolution
		SolutionGuid = {1936C659-4C58-4087-9792-03ACE57B2EF7}
	EndGlobalSection
EndGlobal
